
Microsoft Visual Studio Solution File, Format Version 12.00
# Visual Studio Version 17
VisualStudioVersion = 17.14.36511.14
MinimumVisualStudioVersion = 10.0.40219.1
Project("{FAE04EC0-301F-11D3-BF4B-00C04F79EFBC}") = "OrganizerCompanion.Core", "OrganizerCompanion.Core\OrganizerCompanion.Core.csproj", "{63DD2219-609A-4BB9-8E8B-BF180C9B52BF}"
EndProject
Project("{FAE04EC0-301F-11D3-BF4B-00C04F79EFBC}") = "OrganizerCompanion.Core.UnitTests", "UnitTests\OrganizerCompanion.Core.UnitTests\OrganizerCompanion.Core.UnitTests.csproj", "{A1B2C3D4-E5F6-7890-ABCD-EF1234567890}"
EndProject
Project("{2150E333-8FDC-42A3-9474-1A3956D46DE8}") = "SolutionItems", "SolutionItems", "{02EA681E-C7D8-13C7-8484-4AC65E1B71E8}"
	ProjectSection(SolutionItems) = preProject
		.gitignore = .gitignore
		LICENSE = LICENSE
		README.md = README.md
	EndProjectSection
EndProject
Global
	GlobalSection(SolutionConfigurationPlatforms) = preSolution
		Debug|Any CPU = Debug|Any CPU
		Debug|x64 = Debug|x64
		Debug|x86 = Debug|x86
		Release|Any CPU = Release|Any CPU
		Release|x64 = Release|x64
		Release|x86 = Release|x86
	EndGlobalSection
	GlobalSection(ProjectConfigurationPlatforms) = postSolution
		{63DD2219-609A-4BB9-8E8B-BF180C9B52BF}.Debug|Any CPU.ActiveCfg = Debug|Any CPU
		{63DD2219-609A-4BB9-8E8B-BF180C9B52BF}.Debug|Any CPU.Build.0 = Debug|Any CPU
		{63DD2219-609A-4BB9-8E8B-BF180C9B52BF}.Debug|x64.ActiveCfg = Debug|Any CPU
		{63DD2219-609A-4BB9-8E8B-BF180C9B52BF}.Debug|x64.Build.0 = Debug|Any CPU
		{63DD2219-609A-4BB9-8E8B-BF180C9B52BF}.Debug|x86.ActiveCfg = Debug|Any CPU
		{63DD2219-609A-4BB9-8E8B-BF180C9B52BF}.Debug|x86.Build.0 = Debug|Any CPU
		{63DD2219-609A-4BB9-8E8B-BF180C9B52BF}.Release|Any CPU.ActiveCfg = Release|Any CPU
		{63DD2219-609A-4BB9-8E8B-BF180C9B52BF}.Release|Any CPU.Build.0 = Release|Any CPU
		{63DD2219-609A-4BB9-8E8B-BF180C9B52BF}.Release|x64.ActiveCfg = Release|Any CPU
		{63DD2219-609A-4BB9-8E8B-BF180C9B52BF}.Release|x64.Build.0 = Release|Any CPU
		{63DD2219-609A-4BB9-8E8B-BF180C9B52BF}.Release|x86.ActiveCfg = Release|Any CPU
		{63DD2219-609A-4BB9-8E8B-BF180C9B52BF}.Release|x86.Build.0 = Release|Any CPU
		{A1B2C3D4-E5F6-7890-ABCD-EF1234567890}.Debug|Any CPU.ActiveCfg = Debug|Any CPU
		{A1B2C3D4-E5F6-7890-ABCD-EF1234567890}.Debug|Any CPU.Build.0 = Debug|Any CPU
		{A1B2C3D4-E5F6-7890-ABCD-EF1234567890}.Debug|x64.ActiveCfg = Debug|Any CPU
		{A1B2C3D4-E5F6-7890-ABCD-EF1234567890}.Debug|x64.Build.0 = Debug|Any CPU
		{A1B2C3D4-E5F6-7890-ABCD-EF1234567890}.Debug|x86.ActiveCfg = Debug|Any CPU
		{A1B2C3D4-E5F6-7890-ABCD-EF1234567890}.Debug|x86.Build.0 = Debug|Any CPU
		{A1B2C3D4-E5F6-7890-ABCD-EF1234567890}.Release|Any CPU.ActiveCfg = Release|Any CPU
		{A1B2C3D4-E5F6-7890-ABCD-EF1234567890}.Release|Any CPU.Build.0 = Release|Any CPU
		{A1B2C3D4-E5F6-7890-ABCD-EF1234567890}.Release|x64.ActiveCfg = Release|Any CPU
		{A1B2C3D4-E5F6-7890-ABCD-EF1234567890}.Release|x64.Build.0 = Release|Any CPU
		{A1B2C3D4-E5F6-7890-ABCD-EF1234567890}.Release|x86.ActiveCfg = Release|Any CPU
		{A1B2C3D4-E5F6-7890-ABCD-EF1234567890}.Release|x86.Build.0 = Release|Any CPU
	EndGlobalSection
	GlobalSection(SolutionProperties) = preSolution
		HideSolutionNode = FALSE
	EndGlobalSection
	GlobalSection(ExtensibilityGlobals) = postSolution
		SolutionGuid = {F23CF63A-12C6-46A1-BE63-0F4E0E92B5D5}
	EndGlobalSection
EndGlobal
